// !$*UTF8*$!
{
	archiveVersion = 1;
	classes = {
	};
	objectVersion = 50;
	objects = {

/* Begin PBXBuildFile section */
		4A00C8DB21196E5200470AEE /* libmp3lame.a in Frameworks */ = {isa = PBXBuildFile; fileRef = 4A00C8D921196E5200470AEE /* libmp3lame.a */; };
		4AF914352112992E002F0D11 /* AppDelegate.m in Sources */ = {isa = PBXBuildFile; fileRef = 4AF914342112992E002F0D11 /* AppDelegate.m */; };
		4AF914382112992F002F0D11 /* ViewController.m in Sources */ = {isa = PBXBuildFile; fileRef = 4AF914372112992E002F0D11 /* ViewController.m */; };
		4AF9143B2112992F002F0D11 /* Main.storyboard in Resources */ = {isa = PBXBuildFile; fileRef = 4AF914392112992F002F0D11 /* Main.storyboard */; };
		4AF9143D21129930002F0D11 /* Assets.xcassets in Resources */ = {isa = PBXBuildFile; fileRef = 4AF9143C21129930002F0D11 /* Assets.xcassets */; };
		4AF9144021129930002F0D11 /* LaunchScreen.storyboard in Resources */ = {isa = PBXBuildFile; fileRef = 4AF9143E21129930002F0D11 /* LaunchScreen.storyboard */; };
		4AF9144321129930002F0D11 /* main.m in Sources */ = {isa = PBXBuildFile; fileRef = 4AF9144221129930002F0D11 /* main.m */; };
		4AF9144D21129930002F0D11 /* AudioRecordDemoTests.m in Sources */ = {isa = PBXBuildFile; fileRef = 4AF9144C21129930002F0D11 /* AudioRecordDemoTests.m */; };
		4AF9145821129930002F0D11 /* AudioRecordDemoUITests.m in Sources */ = {isa = PBXBuildFile; fileRef = 4AF9145721129930002F0D11 /* AudioRecordDemoUITests.m */; };
		4AF9146721129F36002F0D11 /* AudioTool.m in Sources */ = {isa = PBXBuildFile; fileRef = 4AF9146621129F36002F0D11 /* AudioTool.m */; };
		4AFACA132117DC3E00558522 /* UIColor+HexString.m in Sources */ = {isa = PBXBuildFile; fileRef = 4AFACA122117DC3E00558522 /* UIColor+HexString.m */; };
		B49BAF302333453B2A3260E7 /* libPods-AudioRecordDemo.a in Frameworks */ = {isa = PBXBuildFile; fileRef = 2D9C5DFC5DFF0624CA924B1B /* libPods-AudioRecordDemo.a */; };
/* End PBXBuildFile section */

/* Begin PBXContainerItemProxy section */
		4AF9144921129930002F0D11 /* PBXContainerItemProxy */ = {
			isa = PBXContainerItemProxy;
			containerPortal = 4AF914282112992E002F0D11 /* Project object */;
			proxyType = 1;
			remoteGlobalIDString = 4AF9142F2112992E002F0D11;
			remoteInfo = AudioRecordDemo;
		};
		4AF9145421129930002F0D11 /* PBXContainerItemProxy */ = {
			isa = PBXContainerItemProxy;
			containerPortal = 4AF914282112992E002F0D11 /* Project object */;
			proxyType = 1;
			remoteGlobalIDString = 4AF9142F2112992E002F0D11;
			remoteInfo = AudioRecordDemo;
		};
/* End PBXContainerItemProxy section */

/* Begin PBXFileReference section */
		00044DC09136837EB472932E /* Pods-AudioRecordDemo.release.xcconfig */ = {isa = PBXFileReference; includeInIndex = 1; lastKnownFileType = text.xcconfig; name = "Pods-AudioRecordDemo.release.xcconfig"; path = "Pods/Target Support Files/Pods-AudioRecordDemo/Pods-AudioRecordDemo.release.xcconfig"; sourceTree = "<group>"; };
		2D9C5DFC5DFF0624CA924B1B /* libPods-AudioRecordDemo.a */ = {isa = PBXFileReference; explicitFileType = archive.ar; includeInIndex = 0; path = "libPods-AudioRecordDemo.a"; sourceTree = BUILT_PRODUCTS_DIR; };
		4A00C8D921196E5200470AEE /* libmp3lame.a */ = {isa = PBXFileReference; lastKnownFileType = archive.ar; path = libmp3lame.a; sourceTree = "<group>"; };
		4A00C8DA21196E5200470AEE /* lame.h */ = {isa = PBXFileReference; fileEncoding = 4; lastKnownFileType = sourcecode.c.h; path = lame.h; sourceTree = "<group>"; };
		4AF914302112992E002F0D11 /* AudioRecordDemo.app */ = {isa = PBXFileReference; explicitFileType = wrapper.application; includeInIndex = 0; path = AudioRecordDemo.app; sourceTree = BUILT_PRODUCTS_DIR; };
		4AF914332112992E002F0D11 /* AppDelegate.h */ = {isa = PBXFileReference; lastKnownFileType = sourcecode.c.h; path = AppDelegate.h; sourceTree = "<group>"; };
		4AF914342112992E002F0D11 /* AppDelegate.m */ = {isa = PBXFileReference; lastKnownFileType = sourcecode.c.objc; path = AppDelegate.m; sourceTree = "<group>"; };
		4AF914362112992E002F0D11 /* ViewController.h */ = {isa = PBXFileReference; lastKnownFileType = sourcecode.c.h; path = ViewController.h; sourceTree = "<group>"; };
		4AF914372112992E002F0D11 /* ViewController.m */ = {isa = PBXFileReference; lastKnownFileType = sourcecode.c.objc; path = ViewController.m; sourceTree = "<group>"; };
		4AF9143A2112992F002F0D11 /* Base */ = {isa = PBXFileReference; lastKnownFileType = file.storyboard; name = Base; path = Base.lproj/Main.storyboard; sourceTree = "<group>"; };
		4AF9143C21129930002F0D11 /* Assets.xcassets */ = {isa = PBXFileReference; lastKnownFileType = folder.assetcatalog; path = Assets.xcassets; sourceTree = "<group>"; };
		4AF9143F21129930002F0D11 /* Base */ = {isa = PBXFileReference; lastKnownFileType = file.storyboard; name = Base; path = Base.lproj/LaunchScreen.storyboard; sourceTree = "<group>"; };
		4AF9144121129930002F0D11 /* Info.plist */ = {isa = PBXFileReference; lastKnownFileType = text.plist.xml; path = Info.plist; sourceTree = "<group>"; };
		4AF9144221129930002F0D11 /* main.m */ = {isa = PBXFileReference; lastKnownFileType = sourcecode.c.objc; path = main.m; sourceTree = "<group>"; };
		4AF9144821129930002F0D11 /* AudioRecordDemoTests.xctest */ = {isa = PBXFileReference; explicitFileType = wrapper.cfbundle; includeInIndex = 0; path = AudioRecordDemoTests.xctest; sourceTree = BUILT_PRODUCTS_DIR; };
		4AF9144C21129930002F0D11 /* AudioRecordDemoTests.m */ = {isa = PBXFileReference; lastKnownFileType = sourcecode.c.objc; path = AudioRecordDemoTests.m; sourceTree = "<group>"; };
		4AF9144E21129930002F0D11 /* Info.plist */ = {isa = PBXFileReference; lastKnownFileType = text.plist.xml; path = Info.plist; sourceTree = "<group>"; };
		4AF9145321129930002F0D11 /* AudioRecordDemoUITests.xctest */ = {isa = PBXFileReference; explicitFileType = wrapper.cfbundle; includeInIndex = 0; path = AudioRecordDemoUITests.xctest; sourceTree = BUILT_PRODUCTS_DIR; };
		4AF9145721129930002F0D11 /* AudioRecordDemoUITests.m */ = {isa = PBXFileReference; lastKnownFileType = sourcecode.c.objc; path = AudioRecordDemoUITests.m; sourceTree = "<group>"; };
		4AF9145921129930002F0D11 /* Info.plist */ = {isa = PBXFileReference; lastKnownFileType = text.plist.xml; path = Info.plist; sourceTree = "<group>"; };
		4AF9146521129F36002F0D11 /* AudioTool.h */ = {isa = PBXFileReference; lastKnownFileType = sourcecode.c.h; path = AudioTool.h; sourceTree = "<group>"; };
		4AF9146621129F36002F0D11 /* AudioTool.m */ = {isa = PBXFileReference; lastKnownFileType = sourcecode.c.objc; path = AudioTool.m; sourceTree = "<group>"; };
		4AFACA112117DC3E00558522 /* UIColor+HexString.h */ = {isa = PBXFileReference; lastKnownFileType = sourcecode.c.h; path = "UIColor+HexString.h"; sourceTree = "<group>"; };
		4AFACA122117DC3E00558522 /* UIColor+HexString.m */ = {isa = PBXFileReference; lastKnownFileType = sourcecode.c.objc; path = "UIColor+HexString.m"; sourceTree = "<group>"; };
		CFD168917FEFE4E843C82A1E /* Pods-AudioRecordDemo.debug.xcconfig */ = {isa = PBXFileReference; includeInIndex = 1; lastKnownFileType = text.xcconfig; name = "Pods-AudioRecordDemo.debug.xcconfig"; path = "Pods/Target Support Files/Pods-AudioRecordDemo/Pods-AudioRecordDemo.debug.xcconfig"; sourceTree = "<group>"; };
/* End PBXFileReference section */

/* Begin PBXFrameworksBuildPhase section */
		4AF9142D2112992E002F0D11 /* Frameworks */ = {
			isa = PBXFrameworksBuildPhase;
			buildActionMask = 2147483647;
			files = (
				B49BAF302333453B2A3260E7 /* libPods-AudioRecordDemo.a in Frameworks */,
				4A00C8DB21196E5200470AEE /* libmp3lame.a in Frameworks */,
			);
			runOnlyForDeploymentPostprocessing = 0;
		};
		4AF9144521129930002F0D11 /* Frameworks */ = {
			isa = PBXFrameworksBuildPhase;
			buildActionMask = 2147483647;
			files = (
			);
			runOnlyForDeploymentPostprocessing = 0;
		};
		4AF9145021129930002F0D11 /* Frameworks */ = {
			isa = PBXFrameworksBuildPhase;
			buildActionMask = 2147483647;
			files = (
			);
			runOnlyForDeploymentPostprocessing = 0;
		};
/* End PBXFrameworksBuildPhase section */

/* Begin PBXGroup section */
		4A00C8D821196E5200470AEE /* lame */ = {
			isa = PBXGroup;
			children = (
				4A00C8D921196E5200470AEE /* libmp3lame.a */,
				4A00C8DA21196E5200470AEE /* lame.h */,
			);
			path = lame;
			sourceTree = "<group>";
		};
		4AF914272112992E002F0D11 = {
			isa = PBXGroup;
			children = (
				4AF914322112992E002F0D11 /* AudioRecordDemo */,
				4AF9144B21129930002F0D11 /* AudioRecordDemoTests */,
				4AF9145621129930002F0D11 /* AudioRecordDemoUITests */,
				4AF914312112992E002F0D11 /* Products */,
				5BE3BBC6C0157BF4A20B03AA /* Pods */,
				70D6B255E68DFD73B9DB5B6B /* Frameworks */,
			);
			sourceTree = "<group>";
		};
		4AF914312112992E002F0D11 /* Products */ = {
			isa = PBXGroup;
			children = (
				4AF914302112992E002F0D11 /* AudioRecordDemo.app */,
				4AF9144821129930002F0D11 /* AudioRecordDemoTests.xctest */,
				4AF9145321129930002F0D11 /* AudioRecordDemoUITests.xctest */,
			);
			name = Products;
			sourceTree = "<group>";
		};
		4AF914322112992E002F0D11 /* AudioRecordDemo */ = {
			isa = PBXGroup;
			children = (
				4A00C8D821196E5200470AEE /* lame */,
				4AF914332112992E002F0D11 /* AppDelegate.h */,
				4AF914342112992E002F0D11 /* AppDelegate.m */,
				4AF914362112992E002F0D11 /* ViewController.h */,
				4AF914372112992E002F0D11 /* ViewController.m */,
				4AFACA112117DC3E00558522 /* UIColor+HexString.h */,
				4AFACA122117DC3E00558522 /* UIColor+HexString.m */,
				4AF9146521129F36002F0D11 /* AudioTool.h */,
				4AF9146621129F36002F0D11 /* AudioTool.m */,
				4AF914392112992F002F0D11 /* Main.storyboard */,
				4AF9143C21129930002F0D11 /* Assets.xcassets */,
				4AF9143E21129930002F0D11 /* LaunchScreen.storyboard */,
				4AF9144121129930002F0D11 /* Info.plist */,
				4AF9144221129930002F0D11 /* main.m */,
			);
			path = AudioRecordDemo;
			sourceTree = "<group>";
		};
		4AF9144B21129930002F0D11 /* AudioRecordDemoTests */ = {
			isa = PBXGroup;
			children = (
				4AF9144C21129930002F0D11 /* AudioRecordDemoTests.m */,
				4AF9144E21129930002F0D11 /* Info.plist */,
			);
			path = AudioRecordDemoTests;
			sourceTree = "<group>";
		};
		4AF9145621129930002F0D11 /* AudioRecordDemoUITests */ = {
			isa = PBXGroup;
			children = (
				4AF9145721129930002F0D11 /* AudioRecordDemoUITests.m */,
				4AF9145921129930002F0D11 /* Info.plist */,
			);
			path = AudioRecordDemoUITests;
			sourceTree = "<group>";
		};
		5BE3BBC6C0157BF4A20B03AA /* Pods */ = {
			isa = PBXGroup;
			children = (
				CFD168917FEFE4E843C82A1E /* Pods-AudioRecordDemo.debug.xcconfig */,
				00044DC09136837EB472932E /* Pods-AudioRecordDemo.release.xcconfig */,
			);
			name = Pods;
			sourceTree = "<group>";
		};
		70D6B255E68DFD73B9DB5B6B /* Frameworks */ = {
			isa = PBXGroup;
			children = (
				2D9C5DFC5DFF0624CA924B1B /* libPods-AudioRecordDemo.a */,
			);
			name = Frameworks;
			sourceTree = "<group>";
		};
/* End PBXGroup section */

/* Begin PBXNativeTarget section */
		4AF9142F2112992E002F0D11 /* AudioRecordDemo */ = {
			isa = PBXNativeTarget;
			buildConfigurationList = 4AF9145C21129930002F0D11 /* Build configuration list for PBXNativeTarget "AudioRecordDemo" */;
			buildPhases = (
				586D312BECE2630AB7AC0A49 /* [CP] Check Pods Manifest.lock */,
				4AF9142C2112992E002F0D11 /* Sources */,
				4AF9142D2112992E002F0D11 /* Frameworks */,
				4AF9142E2112992E002F0D11 /* Resources */,
				FA388B5933CB58D3E0D73382 /* [CP] Embed Pods Frameworks */,
				822B615E42673E8F9049CC31 /* [CP] Copy Pods Resources */,
			);
			buildRules = (
			);
			dependencies = (
			);
			name = AudioRecordDemo;
			productName = AudioRecordDemo;
			productReference = 4AF914302112992E002F0D11 /* AudioRecordDemo.app */;
			productType = "com.apple.product-type.application";
		};
		4AF9144721129930002F0D11 /* AudioRecordDemoTests */ = {
			isa = PBXNativeTarget;
			buildConfigurationList = 4AF9145F21129930002F0D11 /* Build configuration list for PBXNativeTarget "AudioRecordDemoTests" */;
			buildPhases = (
				4AF9144421129930002F0D11 /* Sources */,
				4AF9144521129930002F0D11 /* Frameworks */,
				4AF9144621129930002F0D11 /* Resources */,
			);
			buildRules = (
			);
			dependencies = (
				4AF9144A21129930002F0D11 /* PBXTargetDependency */,
			);
			name = AudioRecordDemoTests;
			productName = AudioRecordDemoTests;
			productReference = 4AF9144821129930002F0D11 /* AudioRecordDemoTests.xctest */;
			productType = "com.apple.product-type.bundle.unit-test";
		};
		4AF9145221129930002F0D11 /* AudioRecordDemoUITests */ = {
			isa = PBXNativeTarget;
			buildConfigurationList = 4AF9146221129930002F0D11 /* Build configuration list for PBXNativeTarget "AudioRecordDemoUITests" */;
			buildPhases = (
				4AF9144F21129930002F0D11 /* Sources */,
				4AF9145021129930002F0D11 /* Frameworks */,
				4AF9145121129930002F0D11 /* Resources */,
			);
			buildRules = (
			);
			dependencies = (
				4AF9145521129930002F0D11 /* PBXTargetDependency */,
			);
			name = AudioRecordDemoUITests;
			productName = AudioRecordDemoUITests;
			productReference = 4AF9145321129930002F0D11 /* AudioRecordDemoUITests.xctest */;
			productType = "com.apple.product-type.bundle.ui-testing";
		};
/* End PBXNativeTarget section */

/* Begin PBXProject section */
		4AF914282112992E002F0D11 /* Project object */ = {
			isa = PBXProject;
			attributes = {
				LastUpgradeCheck = 0930;
				ORGANIZATIONNAME = Cary;
				TargetAttributes = {
					4AF9142F2112992E002F0D11 = {
						CreatedOnToolsVersion = 9.3;
					};
					4AF9144721129930002F0D11 = {
						CreatedOnToolsVersion = 9.3;
						TestTargetID = 4AF9142F2112992E002F0D11;
					};
					4AF9145221129930002F0D11 = {
						CreatedOnToolsVersion = 9.3;
						TestTargetID = 4AF9142F2112992E002F0D11;
					};
				};
			};
			buildConfigurationList = 4AF9142B2112992E002F0D11 /* Build configuration list for PBXProject "AudioRecordDemo" */;
			compatibilityVersion = "Xcode 9.3";
			developmentRegion = en;
			hasScannedForEncodings = 0;
			knownRegions = (
				en,
				Base,
			);
			mainGroup = 4AF914272112992E002F0D11;
			productRefGroup = 4AF914312112992E002F0D11 /* Products */;
			projectDirPath = "";
			projectRoot = "";
			targets = (
				4AF9142F2112992E002F0D11 /* AudioRecordDemo */,
				4AF9144721129930002F0D11 /* AudioRecordDemoTests */,
				4AF9145221129930002F0D11 /* AudioRecordDemoUITests */,
			);
		};
/* End PBXProject section */

/* Begin PBXResourcesBuildPhase section */
		4AF9142E2112992E002F0D11 /* Resources */ = {
			isa = PBXResourcesBuildPhase;
			buildActionMask = 2147483647;
			files = (
				4AF9144021129930002F0D11 /* LaunchScreen.storyboard in Resources */,
				4AF9143D21129930002F0D11 /* Assets.xcassets in Resources */,
				4AF9143B2112992F002F0D11 /* Main.storyboard in Resources */,
			);
			runOnlyForDeploymentPostprocessing = 0;
		};
		4AF9144621129930002F0D11 /* Resources */ = {
			isa = PBXResourcesBuildPhase;
			buildActionMask = 2147483647;
			files = (
			);
			runOnlyForDeploymentPostprocessing = 0;
		};
		4AF9145121129930002F0D11 /* Resources */ = {
			isa = PBXResourcesBuildPhase;
			buildActionMask = 2147483647;
			files = (
			);
			runOnlyForDeploymentPostprocessing = 0;
		};
/* End PBXResourcesBuildPhase section */

/* Begin PBXShellScriptBuildPhase section */
		586D312BECE2630AB7AC0A49 /* [CP] Check Pods Manifest.lock */ = {
			isa = PBXShellScriptBuildPhase;
			buildActionMask = 2147483647;
			files = (
			);
			inputPaths = (
				"${PODS_PODFILE_DIR_PATH}/Podfile.lock",
				"${PODS_ROOT}/Manifest.lock",
			);
			name = "[CP] Check Pods Manifest.lock";
			outputPaths = (
				"$(DERIVED_FILE_DIR)/Pods-AudioRecordDemo-checkManifestLockResult.txt",
			);
			runOnlyForDeploymentPostprocessing = 0;
			shellPath = /bin/sh;
			shellScript = "diff \"${PODS_PODFILE_DIR_PATH}/Podfile.lock\" \"${PODS_ROOT}/Manifest.lock\" > /dev/null\nif [ $? != 0 ] ; then\n    # print error to STDERR\n    echo \"error: The sandbox is not in sync with the Podfile.lock. Run 'pod install' or update your CocoaPods installation.\" >&2\n    exit 1\nfi\n# This output is used by Xcode 'outputs' to avoid re-running this script phase.\necho \"SUCCESS\" > \"${SCRIPT_OUTPUT_FILE_0}\"\n";
			showEnvVarsInLog = 0;
		};
		822B615E42673E8F9049CC31 /* [CP] Copy Pods Resources */ = {
			isa = PBXShellScriptBuildPhase;
			buildActionMask = 2147483647;
			files = (
			);
			inputPaths = (
			);
			name = "[CP] Copy Pods Resources";
			outputPaths = (
			);
			runOnlyForDeploymentPostprocessing = 0;
			shellPath = /bin/sh;
			shellScript = "\"${SRCROOT}/Pods/Target Support Files/Pods-AudioRecordDemo/Pods-AudioRecordDemo-resources.sh\"\n";
			showEnvVarsInLog = 0;
		};
		FA388B5933CB58D3E0D73382 /* [CP] Embed Pods Frameworks */ = {
			isa = PBXShellScriptBuildPhase;
			buildActionMask = 2147483647;
			files = (
			);
			inputPaths = (
			);
			name = "[CP] Embed Pods Frameworks";
			outputPaths = (
			);
			runOnlyForDeploymentPostprocessing = 0;
			shellPath = /bin/sh;
			shellScript = "\"${SRCROOT}/Pods/Target Support Files/Pods-AudioRecordDemo/Pods-AudioRecordDemo-frameworks.sh\"\n";
			showEnvVarsInLog = 0;
		};
/* End PBXShellScriptBuildPhase section */

/* Begin PBXSourcesBuildPhase section */
		4AF9142C2112992E002F0D11 /* Sources */ = {
			isa = PBXSourcesBuildPhase;
			buildActionMask = 2147483647;
			files = (
				4AFACA132117DC3E00558522 /* UIColor+HexString.m in Sources */,
				4AF914382112992F002F0D11 /* ViewController.m in Sources */,
				4AF9144321129930002F0D11 /* main.m in Sources */,
				4AF9146721129F36002F0D11 /* AudioTool.m in Sources */,
				4AF914352112992E002F0D11 /* AppDelegate.m in Sources */,
			);
			runOnlyForDeploymentPostprocessing = 0;
		};
		4AF9144421129930002F0D11 /* Sources */ = {
			isa = PBXSourcesBuildPhase;
			buildActionMask = 2147483647;
			files = (
				4AF9144D21129930002F0D11 /* AudioRecordDemoTests.m in Sources */,
			);
			runOnlyForDeploymentPostprocessing = 0;
		};
		4AF9144F21129930002F0D11 /* Sources */ = {
			isa = PBXSourcesBuildPhase;
			buildActionMask = 2147483647;
			files = (
				4AF9145821129930002F0D11 /* AudioRecordDemoUITests.m in Sources */,
			);
			runOnlyForDeploymentPostprocessing = 0;
		};
/* End PBXSourcesBuildPhase section */

/* Begin PBXTargetDependency section */
		4AF9144A21129930002F0D11 /* PBXTargetDependency */ = {
			isa = PBXTargetDependency;
			target = 4AF9142F2112992E002F0D11 /* AudioRecordDemo */;
			targetProxy = 4AF9144921129930002F0D11 /* PBXContainerItemProxy */;
		};
		4AF9145521129930002F0D11 /* PBXTargetDependency */ = {
			isa = PBXTargetDependency;
			target = 4AF9142F2112992E002F0D11 /* AudioRecordDemo */;
			targetProxy = 4AF9145421129930002F0D11 /* PBXContainerItemProxy */;
		};
/* End PBXTargetDependency section */

/* Begin PBXVariantGroup section */
		4AF914392112992F002F0D11 /* Main.storyboard */ = {
			isa = PBXVariantGroup;
			children = (
				4AF9143A2112992F002F0D11 /* Base */,
			);
			name = Main.storyboard;
			sourceTree = "<group>";
		};
		4AF9143E21129930002F0D11 /* LaunchScreen.storyboard */ = {
			isa = PBXVariantGroup;
			children = (
				4AF9143F21129930002F0D11 /* Base */,
			);
			name = LaunchScreen.storyboard;
			sourceTree = "<group>";
		};
/* End PBXVariantGroup section */

/* Begin XCBuildConfiguration section */
		4AF9145A21129930002F0D11 /* Debug */ = {
			isa = XCBuildConfiguration;
			buildSettings = {
				ALWAYS_SEARCH_USER_PATHS = NO;
				CLANG_ANALYZER_NONNULL = YES;
				CLANG_ANALYZER_NUMBER_OBJECT_CONVERSION = YES_AGGRESSIVE;
				CLANG_CXX_LANGUAGE_STANDARD = "gnu++14";
				CLANG_CXX_LIBRARY = "libc++";
				CLANG_ENABLE_MODULES = YES;
				CLANG_ENABLE_OBJC_ARC = YES;
				CLANG_ENABLE_OBJC_WEAK = YES;
				CLANG_WARN_BLOCK_CAPTURE_AUTORELEASING = YES;
				CLANG_WARN_BOOL_CONVERSION = YES;
				CLANG_WARN_COMMA = YES;
				CLANG_WARN_CONSTANT_CONVERSION = YES;
				CLANG_WARN_DEPRECATED_OBJC_IMPLEMENTATIONS = YES;
				CLANG_WARN_DIRECT_OBJC_ISA_USAGE = YES_ERROR;
				CLANG_WARN_DOCUMENTATION_COMMENTS = YES;
				CLANG_WARN_EMPTY_BODY = YES;
				CLANG_WARN_ENUM_CONVERSION = YES;
				CLANG_WARN_INFINITE_RECURSION = YES;
				CLANG_WARN_INT_CONVERSION = YES;
				CLANG_WARN_NON_LITERAL_NULL_CONVERSION = YES;
				CLANG_WARN_OBJC_IMPLICIT_RETAIN_SELF = YES;
				CLANG_WARN_OBJC_LITERAL_CONVERSION = YES;
				CLANG_WARN_OBJC_ROOT_CLASS = YES_ERROR;
				CLANG_WARN_RANGE_LOOP_ANALYSIS = YES;
				CLANG_WARN_STRICT_PROTOTYPES = YES;
				CLANG_WARN_SUSPICIOUS_MOVE = YES;
				CLANG_WARN_UNGUARDED_AVAILABILITY = YES_AGGRESSIVE;
				CLANG_WARN_UNREACHABLE_CODE = YES;
				CLANG_WARN__DUPLICATE_METHOD_MATCH = YES;
				CODE_SIGN_IDENTITY = "iPhone Developer";
				COPY_PHASE_STRIP = NO;
				DEBUG_INFORMATION_FORMAT = dwarf;
				ENABLE_STRICT_OBJC_MSGSEND = YES;
				ENABLE_TESTABILITY = YES;
				GCC_C_LANGUAGE_STANDARD = gnu11;
				GCC_DYNAMIC_NO_PIC = NO;
				GCC_NO_COMMON_BLOCKS = YES;
				GCC_OPTIMIZATION_LEVEL = 0;
				GCC_PREPROCESSOR_DEFINITIONS = (
					"DEBUG=1",
					"$(inherited)",
				);
				GCC_WARN_64_TO_32_BIT_CONVERSION = YES;
				GCC_WARN_ABOUT_RETURN_TYPE = YES_ERROR;
				GCC_WARN_UNDECLARED_SELECTOR = YES;
				GCC_WARN_UNINITIALIZED_AUTOS = YES_AGGRESSIVE;
				GCC_WARN_UNUSED_FUNCTION = YES;
				GCC_WARN_UNUSED_VARIABLE = YES;
				IPHONEOS_DEPLOYMENT_TARGET = 11.3;
				MTL_ENABLE_DEBUG_INFO = YES;
				ONLY_ACTIVE_ARCH = YES;
				SDKROOT = iphoneos;
			};
			name = Debug;
		};
		4AF9145B21129930002F0D11 /* Release */ = {
			isa = XCBuildConfiguration;
			buildSettings = {
				ALWAYS_SEARCH_USER_PATHS = NO;
				CLANG_ANALYZER_NONNULL = YES;
				CLANG_ANALYZER_NUMBER_OBJECT_CONVERSION = YES_AGGRESSIVE;
				CLANG_CXX_LANGUAGE_STANDARD = "gnu++14";
				CLANG_CXX_LIBRARY = "libc++";
				CLANG_ENABLE_MODULES = YES;
				CLANG_ENABLE_OBJC_ARC = YES;
				CLANG_ENABLE_OBJC_WEAK = YES;
				CLANG_WARN_BLOCK_CAPTURE_AUTORELEASING = YES;
				CLANG_WARN_BOOL_CONVERSION = YES;
				CLANG_WARN_COMMA = YES;
				CLANG_WARN_CONSTANT_CONVERSION = YES;
				CLANG_WARN_DEPRECATED_OBJC_IMPLEMENTATIONS = YES;
				CLANG_WARN_DIRECT_OBJC_ISA_USAGE = YES_ERROR;
				CLANG_WARN_DOCUMENTATION_COMMENTS = YES;
				CLANG_WARN_EMPTY_BODY = YES;
				CLANG_WARN_ENUM_CONVERSION = YES;
				CLANG_WARN_INFINITE_RECURSION = YES;
				CLANG_WARN_INT_CONVERSION = YES;
				CLANG_WARN_NON_LITERAL_NULL_CONVERSION = YES;
				CLANG_WARN_OBJC_IMPLICIT_RETAIN_SELF = YES;
				CLANG_WARN_OBJC_LITERAL_CONVERSION = YES;
				CLANG_WARN_OBJC_ROOT_CLASS = YES_ERROR;
				CLANG_WARN_RANGE_LOOP_ANALYSIS = YES;
				CLANG_WARN_STRICT_PROTOTYPES = YES;
				CLANG_WARN_SUSPICIOUS_MOVE = YES;
				CLANG_WARN_UNGUARDED_AVAILABILITY = YES_AGGRESSIVE;
				CLANG_WARN_UNREACHABLE_CODE = YES;
				CLANG_WARN__DUPLICATE_METHOD_MATCH = YES;
				CODE_SIGN_IDENTITY = "iPhone Developer";
				COPY_PHASE_STRIP = NO;
				DEBUG_INFORMATION_FORMAT = "dwarf-with-dsym";
				ENABLE_NS_ASSERTIONS = NO;
				ENABLE_STRICT_OBJC_MSGSEND = YES;
				GCC_C_LANGUAGE_STANDARD = gnu11;
				GCC_NO_COMMON_BLOCKS = YES;
				GCC_WARN_64_TO_32_BIT_CONVERSION = YES;
				GCC_WARN_ABOUT_RETURN_TYPE = YES_ERROR;
				GCC_WARN_UNDECLARED_SELECTOR = YES;
				GCC_WARN_UNINITIALIZED_AUTOS = YES_AGGRESSIVE;
				GCC_WARN_UNUSED_FUNCTION = YES;
				GCC_WARN_UNUSED_VARIABLE = YES;
				IPHONEOS_DEPLOYMENT_TARGET = 11.3;
				MTL_ENABLE_DEBUG_INFO = NO;
				SDKROOT = iphoneos;
				VALIDATE_PRODUCT = YES;
			};
			name = Release;
		};
		4AF9145D21129930002F0D11 /* Debug */ = {
			isa = XCBuildConfiguration;
			baseConfigurationReference = CFD168917FEFE4E843C82A1E /* Pods-AudioRecordDemo.debug.xcconfig */;
			buildSettings = {
				ASSETCATALOG_COMPILER_APPICON_NAME = AppIcon;
				CODE_SIGN_STYLE = Automatic;
				DEVELOPMENT_TEAM = BHN73T23TJ;
				ENABLE_BITCODE = NO;
				INFOPLIST_FILE = AudioRecordDemo/Info.plist;
				IPHONEOS_DEPLOYMENT_TARGET = 9.0;
				LD_RUNPATH_SEARCH_PATHS = (
					"$(inherited)",
					"@executable_path/Frameworks",
				);
				LIBRARY_SEARCH_PATHS = (
					"$(inherited)",
					"$(PROJECT_DIR)/AudioRecordDemo/lame",
				);
				PRODUCT_BUNDLE_IDENTIFIER = com.ZexueEducation.AudioRecordDemo;
				PRODUCT_NAME = "$(TARGET_NAME)";
				TARGETED_DEVICE_FAMILY = "1,2";
			};
			name = Debug;
		};
		4AF9145E21129930002F0D11 /* Release */ = {
			isa = XCBuildConfiguration;
			baseConfigurationReference = 00044DC09136837EB472932E /* Pods-AudioRecordDemo.release.xcconfig */;
			buildSettings = {
				ASSETCATALOG_COMPILER_APPICON_NAME = AppIcon;
				CODE_SIGN_STYLE = Automatic;
				DEVELOPMENT_TEAM = BHN73T23TJ;
				ENABLE_BITCODE = NO;
				INFOPLIST_FILE = AudioRecordDemo/Info.plist;
				IPHONEOS_DEPLOYMENT_TARGET = 9.0;
				LD_RUNPATH_SEARCH_PATHS = (
					"$(inherited)",
					"@executable_path/Frameworks",
				);
				LIBRARY_SEARCH_PATHS = (
					"$(inherited)",
					"$(PROJECT_DIR)/AudioRecordDemo/lame",
				);
				PRODUCT_BUNDLE_IDENTIFIER = com.ZexueEducation.AudioRecordDemo;
				PRODUCT_NAME = "$(TARGET_NAME)";
				TARGETED_DEVICE_FAMILY = "1,2";
			};
			name = Release;
		};
		4AF9146021129930002F0D11 /* Debug */ = {
			isa = XCBuildConfiguration;
			buildSettings = {
				BUNDLE_LOADER = "$(TEST_HOST)";
				CODE_SIGN_STYLE = Automatic;
				INFOPLIST_FILE = AudioRecordDemoTests/Info.plist;
				LD_RUNPATH_SEARCH_PATHS = (
					"$(inherited)",
					"@executable_path/Frameworks",
					"@loader_path/Frameworks",
				);
				PRODUCT_BUNDLE_IDENTIFIER = com.ZexueEducation.AudioRecordDemoTests;
				PRODUCT_NAME = "$(TARGET_NAME)";
				TARGETED_DEVICE_FAMILY = "1,2";
				TEST_HOST = "$(BUILT_PRODUCTS_DIR)/AudioRecordDemo.app/AudioRecordDemo";
			};
			name = Debug;
		};
		4AF9146121129930002F0D11 /* Release */ = {
			isa = XCBuildConfiguration;
			buildSettings = {
				BUNDLE_LOADER = "$(TEST_HOST)";
				CODE_SIGN_STYLE = Automatic;
				INFOPLIST_FILE = AudioRecordDemoTests/Info.plist;
				LD_RUNPATH_SEARCH_PATHS = (
					"$(inherited)",
					"@executable_path/Frameworks",
					"@loader_path/Frameworks",
				);
				PRODUCT_BUNDLE_IDENTIFIER = com.ZexueEducation.AudioRecordDemoTests;
				PRODUCT_NAME = "$(TARGET_NAME)";
				TARGETED_DEVICE_FAMILY = "1,2";
				TEST_HOST = "$(BUILT_PRODUCTS_DIR)/AudioRecordDemo.app/AudioRecordDemo";
			};
			name = Release;
		};
		4AF9146321129930002F0D11 /* Debug */ = {
			isa = XCBuildConfiguration;
			buildSettings = {
				CODE_SIGN_STYLE = Automatic;
				INFOPLIST_FILE = AudioRecordDemoUITests/Info.plist;
				LD_RUNPATH_SEARCH_PATHS = (
					"$(inherited)",
					"@executable_path/Frameworks",
					"@loader_path/Frameworks",
				);
				PRODUCT_BUNDLE_IDENTIFIER = com.ZexueEducation.AudioRecordDemoUITests;
				PRODUCT_NAME = "$(TARGET_NAME)";
				TARGETED_DEVICE_FAMILY = "1,2";
				TEST_TARGET_NAME = AudioRecordDemo;
			};
			name = Debug;
		};
		4AF9146421129930002F0D11 /* Release */ = {
			isa = XCBuildConfiguration;
			buildSettings = {
				CODE_SIGN_STYLE = Automatic;
				INFOPLIST_FILE = AudioRecordDemoUITests/Info.plist;
				LD_RUNPATH_SEARCH_PATHS = (
					"$(inherited)",
					"@executable_path/Frameworks",
					"@loader_path/Frameworks",
				);
				PRODUCT_BUNDLE_IDENTIFIER = com.ZexueEducation.AudioRecordDemoUITests;
				PRODUCT_NAME = "$(TARGET_NAME)";
				TARGETED_DEVICE_FAMILY = "1,2";
				TEST_TARGET_NAME = AudioRecordDemo;
			};
			name = Release;
		};
/* End XCBuildConfiguration section */

/* Begin XCConfigurationList section */
		4AF9142B2112992E002F0D11 /* Build configuration list for PBXProject "AudioRecordDemo" */ = {
			isa = XCConfigurationList;
			buildConfigurations = (
				4AF9145A21129930002F0D11 /* Debug */,
				4AF9145B21129930002F0D11 /* Release */,
			);
			defaultConfigurationIsVisible = 0;
			defaultConfigurationName = Release;
		};
		4AF9145C21129930002F0D11 /* Build configuration list for PBXNativeTarget "AudioRecordDemo" */ = {
			isa = XCConfigurationList;
			buildConfigurations = (
				4AF9145D21129930002F0D11 /* Debug */,
				4AF9145E21129930002F0D11 /* Release */,
			);
			defaultConfigurationIsVisible = 0;
			defaultConfigurationName = Release;
		};
		4AF9145F21129930002F0D11 /* Build configuration list for PBXNativeTarget "AudioRecordDemoTests" */ = {
			isa = XCConfigurationList;
			buildConfigurations = (
				4AF9146021129930002F0D11 /* Debug */,
				4AF9146121129930002F0D11 /* Release */,
			);
			defaultConfigurationIsVisible = 0;
			defaultConfigurationName = Release;
		};
		4AF9146221129930002F0D11 /* Build configuration list for PBXNativeTarget "AudioRecordDemoUITests" */ = {
			isa = XCConfigurationList;
			buildConfigurations = (
				4AF9146321129930002F0D11 /* Debug */,
				4AF9146421129930002F0D11 /* Release */,
			);
			defaultConfigurationIsVisible = 0;
			defaultConfigurationName = Release;
		};
/* End XCConfigurationList section */
	};
	rootObject = 4AF914282112992E002F0D11 /* Project object */;
}
